PODS:
  - Flutter (1.0.0)
  - irondash_engine_context (0.0.1):
    - Flutter
  - super_native_extensions (0.0.1):
    - Flutter

DEPENDENCIES:
  - Flutter (from `Flutter`)
  - irondash_engine_context (from `.symlinks/plugins/irondash_engine_context/ios`)
  - super_native_extensions (from `.symlinks/plugins/super_native_extensions/ios`)

EXTERNAL SOURCES:
  Flutter:
    :path: Flutter
  irondash_engine_context:
    :path: ".symlinks/plugins/irondash_engine_context/ios"
  super_native_extensions:
    :path: ".symlinks/plugins/super_native_extensions/ios"

SPEC CHECKSUMS:
  Flutter: 71a624a5bc0c04062bf19101d501e466baf2fb47
  irondash_engine_context: 8e58ca8e0212ee9d1c7dc6a42121849986c88486
  super_native_extensions: b763c02dc3a8fd078389f410bf15149179020cb4

PODFILE CHECKSUM: a938cb79d452854fa9f13c14ded5e356e38f0fc7

COCOAPODS: 1.17.0
